
Microsoft Visual Studio Solution File, Format Version 12.00
# Visual Studio Version 17
VisualStudioVersion = 17.4.33205.214
MinimumVisualStudioVersion = 10.0.40219.1
Project("{888888A0-9F3D-457C-B088-3A5042F75D52}") = "PythonApplication2", "PythonApplication2.pyproj", "{1C8AC514-AFC5-4C5C-AE21-2784E532EEDA}"
EndProject
Global
	GlobalSection(SolutionConfigurationPlatforms) = preSolution
		Debug|Any CPU = Debug|Any CPU
		Release|Any CPU = Release|Any CPU
	EndGlobalSection
	GlobalSection(ProjectConfigurationPlatforms) = postSolution
		{1C8AC514-AFC5-4C5C-AE21-2784E532EEDA}.Debug|Any CPU.ActiveCfg = Debug|Any CPU
		{1C8AC514-AFC5-4C5C-AE21-2784E532EEDA}.Release|Any CPU.ActiveCfg = Release|Any CPU
	EndGlobalSection
	GlobalSection(SolutionProperties) = preSolution
		HideSolutionNode = FALSE
	EndGlobalSection
	GlobalSection(ExtensibilityGlobals) = postSolution
		SolutionGuid = {EAED39C8-D88B-41FA-84B3-4184B2F95794}
	EndGlobalSection
EndGlobal
